
Microsoft Visual Studio Solution File, Format Version 12.00
# Visual Studio Version 17
VisualStudioVersion = 17.9.34728.123
MinimumVisualStudioVersion = 10.0.40219.1
Project("{9A19103F-16F7-4668-BE54-9A1E7A4F7556}") = "ChatApp", "ChatApp.csproj", "{AEF4D3CC-AD24-49A3-B5A0-986ECEDC1940}"
EndProject
Project("{9A19103F-16F7-4668-BE54-9A1E7A4F7556}") = "ChatServer", "..\ChatServer\ChatServer.csproj", "{F160489B-6344-4D30-AFCB-FBA0B3ADB25C}"
EndProject
Project("{FAE04EC0-301F-11D3-BF4B-00C04F79EFBC}") = "ChatConsole", "..\ChatConsole\ChatConsole.csproj", "{2A0F3B1B-8275-4641-8979-9902B5E6D003}"
EndProject
Global
	GlobalSection(SolutionConfigurationPlatforms) = preSolution
		Debug|Any CPU = Debug|Any CPU
		Release|Any CPU = Release|Any CPU
	EndGlobalSection
	GlobalSection(ProjectConfigurationPlatforms) = postSolution
		{AEF4D3CC-AD24-49A3-B5A0-986ECEDC1940}.Debug|Any CPU.ActiveCfg = Debug|Any CPU
		{AEF4D3CC-AD24-49A3-B5A0-986ECEDC1940}.Debug|Any CPU.Build.0 = Debug|Any CPU
		{AEF4D3CC-AD24-49A3-B5A0-986ECEDC1940}.Release|Any CPU.ActiveCfg = Release|Any CPU
		{AEF4D3CC-AD24-49A3-B5A0-986ECEDC1940}.Release|Any CPU.Build.0 = Release|Any CPU
		{F160489B-6344-4D30-AFCB-FBA0B3ADB25C}.Debug|Any CPU.ActiveCfg = Debug|Any CPU
		{F160489B-6344-4D30-AFCB-FBA0B3ADB25C}.Debug|Any CPU.Build.0 = Debug|Any CPU
		{F160489B-6344-4D30-AFCB-FBA0B3ADB25C}.Release|Any CPU.ActiveCfg = Release|Any CPU
		{F160489B-6344-4D30-AFCB-FBA0B3ADB25C}.Release|Any CPU.Build.0 = Release|Any CPU
		{2A0F3B1B-8275-4641-8979-9902B5E6D003}.Debug|Any CPU.ActiveCfg = Debug|Any CPU
		{2A0F3B1B-8275-4641-8979-9902B5E6D003}.Debug|Any CPU.Build.0 = Debug|Any CPU
		{2A0F3B1B-8275-4641-8979-9902B5E6D003}.Release|Any CPU.ActiveCfg = Release|Any CPU
		{2A0F3B1B-8275-4641-8979-9902B5E6D003}.Release|Any CPU.Build.0 = Release|Any CPU
	EndGlobalSection
	GlobalSection(SolutionProperties) = preSolution
		HideSolutionNode = FALSE
	EndGlobalSection
	GlobalSection(ExtensibilityGlobals) = postSolution
		SolutionGuid = {1D9874BB-29EC-448E-8879-176644A4D208}
	EndGlobalSection
EndGlobal
